{
  "version": 4,
  "terraform_version": "0.13.0",
  "serial": 177,
  "lineage": "04dc43d9-65ba-9e7c-8424-684a92632d8b",
  "outputs": {},
  "resources": [
    {
      "mode": "managed",
      "type": "consul_acl_token",
      "name": "ID-00000000-0000-0000-0000-000000000002",
      "provider": "provider[\"registry.terraform.io/hashicorp/consul\"]",
      "instances": [
        {
          "schema_version": 0,
          "attributes": {
            "accessor_id": "21efdb5b-4f3d-a94b-f5f8-b84b6cbb7ef4",
            "description": "Anonymous Token",
            "id": "21efdb5b-4f3d-a94b-f5f8-b84b6cbb7ef4",
            "local": false,
            "namespace": null,
            "policies": null,
            "roles": null
          },
          "private": "bnVsbA=="
        }
      ]
    },
    {
      "mode": "managed",
      "type": "consul_acl_token",
      "name": "ID-05c22cf4-f9ff-5ea6-02d8-8e7eccca4ed2",
      "provider": "provider[\"registry.terraform.io/hashicorp/consul\"]",
      "instances": [
        {
          "schema_version": 0,
          "attributes": {
            "accessor_id": "35154320-ff73-c82f-fc37-ed5c181b0b25",
            "description": "CONSUL_COUNTING_TOKEN",
            "id": "35154320-ff73-c82f-fc37-ed5c181b0b25",
            "local": false,
            "namespace": null,
            "policies": [
              "counting_service_policy",
              "global-management"
            ],
            "roles": null
          },
          "private": "bnVsbA=="
        }
      ]
    },
    {
      "mode": "managed",
      "type": "consul_acl_token",
      "name": "ID-67c75981-9723-40dd-f58b-0bb60e133576",
      "provider": "provider[\"registry.terraform.io/hashicorp/consul\"]",
      "instances": [
        {
          "schema_version": 0,
          "attributes": {
            "accessor_id": "3a121308-85a2-82d4-ef01-4fd66866482e",
            "description": "CONSUL_INGRESS_TOKEN",
            "id": "3a121308-85a2-82d4-ef01-4fd66866482e",
            "local": false,
            "namespace": null,
            "policies": [
              "ingress_policy"
            ],
            "roles": null
          },
          "private": "bnVsbA=="
        }
      ]
    },
    {
      "mode": "managed",
      "type": "consul_acl_token",
      "name": "ID-7a1d13f6-dd78-4afa-e641-8d91b1a82d00",
      "provider": "provider[\"registry.terraform.io/hashicorp/consul\"]",
      "instances": [
        {
          "schema_version": 0,
          "attributes": {
            "accessor_id": "22cb5060-6a01-38ba-fe90-71b3a52020e7",
            "description": "CONSUL_REPLICATION_TOKEN",
            "id": "22cb5060-6a01-38ba-fe90-71b3a52020e7",
            "local": false,
            "namespace": null,
            "policies": [
              "replication-policy"
            ],
            "roles": null
          },
          "private": "bnVsbA=="
        }
      ]
    },
    {
      "mode": "managed",
      "type": "consul_acl_token",
      "name": "ID-7c27a2a3-32e3-ebc9-b07d-76e48855d25f",
      "provider": "provider[\"registry.terraform.io/hashicorp/consul\"]",
      "instances": [
        {
          "schema_version": 0,
          "attributes": {
            "accessor_id": "21e9f0f0-4816-85e9-69f3-b68cde223a32",
            "description": "CONSUL_AGENT_TOKEN",
            "id": "21e9f0f0-4816-85e9-69f3-b68cde223a32",
            "local": false,
            "namespace": null,
            "policies": [
              "agent-policy"
            ],
            "roles": null
          },
          "private": "bnVsbA=="
        }
      ]
    },
    {
      "mode": "managed",
      "type": "consul_acl_token",
      "name": "ID-9f7dfeda-5cb0-4def-d7c1-a754ffed6556",
      "provider": "provider[\"registry.terraform.io/hashicorp/consul\"]",
      "instances": [
        {
          "schema_version": 0,
          "attributes": {
            "accessor_id": "dd7602f0-645b-bbe9-db9f-d6c482bdaf0e",
            "description": "Token for DNS Requests",
            "id": "dd7602f0-645b-bbe9-db9f-d6c482bdaf0e",
            "local": false,
            "namespace": null,
            "policies": null,
            "roles": null
          },
          "private": "bnVsbA=="
        }
      ]
    },
    {
      "mode": "managed",
      "type": "consul_acl_token",
      "name": "ID-c248a073-9113-6198-fb15-b26b8d8af247",
      "provider": "provider[\"registry.terraform.io/hashicorp/consul\"]",
      "instances": [
        {
          "schema_version": 0,
          "attributes": {
            "accessor_id": "aef0dbf4-b96f-5687-72df-a5844ddbce3c",
            "description": "CONSUL_MESH_TOKEN",
            "id": "aef0dbf4-b96f-5687-72df-a5844ddbce3c",
            "local": false,
            "namespace": null,
            "policies": [
              "mesh_gateway"
            ],
            "roles": null
          },
          "private": "bnVsbA=="
        }
      ]
    },
    {
      "mode": "managed",
      "type": "consul_acl_token",
      "name": "ID-c3fdaaa3-9a66-f9f2-8860-dc8b5a108cda",
      "provider": "provider[\"registry.terraform.io/hashicorp/consul\"]",
      "instances": [
        {
          "schema_version": 0,
          "attributes": {
            "accessor_id": "4c1a0b6b-e2a7-7f41-cf0d-db211abbb4aa",
            "description": "CONSUL_DASH_TOKEN",
            "id": "4c1a0b6b-e2a7-7f41-cf0d-db211abbb4aa",
            "local": false,
            "namespace": null,
            "policies": [
              "dash_board_agent"
            ],
            "roles": null
          },
          "private": "bnVsbA=="
        }
      ]
    },
    {
      "mode": "managed",
      "type": "consul_acl_token",
      "name": "ID-f0e64ee6-483a-eed5-f727-2f3afb54c853",
      "provider": "provider[\"registry.terraform.io/hashicorp/consul\"]",
      "instances": [
        {
          "schema_version": 0,
          "attributes": {
            "accessor_id": "3e06a92c-0982-1300-d538-a496dce46502",
            "description": "Bootstrap Token (Global Management)",
            "id": "3e06a92c-0982-1300-d538-a496dce46502",
            "local": false,
            "namespace": null,
            "policies": [
              "global-management"
            ],
            "roles": null
          },
          "private": "bnVsbA=="
        }
      ]
    },
    {
      "mode": "managed",
      "type": "consul_acl_token",
      "name": "ID-f267ac88-2dca-37a7-662b-144e461785c8",
      "provider": "provider[\"registry.terraform.io/hashicorp/consul\"]",
      "instances": [
        {
          "schema_version": 0,
          "attributes": {
            "accessor_id": "16936ac8-cbaf-16ad-71e7-f70b77a8b237",
            "description": "snapshot",
            "id": "16936ac8-cbaf-16ad-71e7-f70b77a8b237",
            "local": false,
            "namespace": null,
            "policies": [
              "snapshot_agent"
            ],
            "roles": null
          },
          "private": "bnVsbA=="
        }
      ]
    }
  ]
}
