{
  "version": 4,
  "terraform_version": "0.13.0",
  "serial": 145,
  "lineage": "c28bcfac-7147-a022-0e97-1e2296ab756c",
  "outputs": {},
  "resources": [
    {
      "mode": "managed",
      "type": "consul_acl_policy",
      "name": "agent-policy",
      "provider": "provider[\"registry.terraform.io/hashicorp/consul\"]",
      "instances": [
        {
          "schema_version": 0,
          "attributes": {
            "datacenters": null,
            "description": "",
            "id": "6d548962-503f-4180-66a0-bf1d593d804c",
            "name": "agent-policy",
            "namespace": null,
            "rules": "node_prefix \"\" {\n   policy = \"write\"\n}\n        \nservice_prefix \"\" {\n   policy = \"write\"\n}\n        \n        \n        \n"
          },
          "private": "bnVsbA=="
        }
      ]
    },
    {
      "mode": "managed",
      "type": "consul_acl_policy",
      "name": "counting_service_policy",
      "provider": "provider[\"registry.terraform.io/hashicorp/consul\"]",
      "instances": [
        {
          "schema_version": 0,
          "attributes": {
            "datacenters": null,
            "description": "",
            "id": "eae26916-7752-fecb-487d-e5281ea77608",
            "name": "counting_service_policy",
            "namespace": null,
            "rules": "node_prefix \"\" {\n  policy = \"read\"\n  }\n        \nservice_prefix \"\" {\n  policy = \"write\"\n  }\n"
          },
          "private": "bnVsbA=="
        }
      ]
    },
    {
      "mode": "managed",
      "type": "consul_acl_policy",
      "name": "dash_board_agent",
      "provider": "provider[\"registry.terraform.io/hashicorp/consul\"]",
      "instances": [
        {
          "schema_version": 0,
          "attributes": {
            "datacenters": null,
            "description": "",
            "id": "b0e6ff1b-e749-a0d0-51c8-e486dceb2c6a",
            "name": "dash_board_agent",
            "namespace": null,
            "rules": "node_prefix \"\" {\n  policy = \"write\"\n  }\n        \nservice_prefix \"\" {\n  policy = \"write\"\n  }\n        \n"
          },
          "private": "bnVsbA=="
        }
      ]
    },
    {
      "mode": "managed",
      "type": "consul_acl_policy",
      "name": "ingress_policy",
      "provider": "provider[\"registry.terraform.io/hashicorp/consul\"]",
      "instances": [
        {
          "schema_version": 0,
          "attributes": {
            "datacenters": null,
            "description": "",
            "id": "2debe6d9-b724-ac5c-46f0-d6929a798b90",
            "name": "ingress_policy",
            "namespace": null,
            "rules": "        \nacl = \"write\"\nagent_prefix \"\" {\n\tpolicy = \"write\"\n}\nevent_prefix \"\" {\n\tpolicy = \"write\"\n}\nkey_prefix \"\" {\n\tpolicy = \"write\"\n}\nkeyring = \"write\"\nnode_prefix \"\" {\n\tpolicy = \"write\"\n}\noperator = \"write\"\nquery_prefix \"\" {\n\tpolicy = \"write\"\n}\nservice_prefix \"\" {\n\tpolicy = \"write\"\n\tintentions = \"write\"\n}\nsession_prefix \"\" {\n\tpolicy = \"write\"\n}\nnamespace_prefix \"\" {\n\tacl = \"write\"\n\tkey_prefix \"\" {\n\t\tpolicy = \"write\"\n\t}\n\tnode_prefix \"\" {\n\t\t# node policy is restricted to read within a namespace\n\t\tpolicy = \"read\"\n\t}\n\tsession_prefix \"\" {\n\t\tpolicy = \"write\"\n\t}\n\tservice_prefix \"\" {\n\t\tpolicy = \"write\"\n\t\tintentions = \"write\"\n\t}\n}\n          \n"
          },
          "private": "bnVsbA=="
        }
      ]
    },
    {
      "mode": "managed",
      "type": "consul_acl_policy",
      "name": "mesh_gateway",
      "provider": "provider[\"registry.terraform.io/hashicorp/consul\"]",
      "instances": [
        {
          "schema_version": 0,
          "attributes": {
            "datacenters": null,
            "description": "",
            "id": "f2ff0a16-1a33-7607-3105-fc1256a23b8a",
            "name": "mesh_gateway",
            "namespace": null,
            "rules": "service_prefix \"mesh\" {\n   policy = \"write\"\n}\n        \nservice_prefix \"\" {\n   policy = \"read\"\n}\n\nnode_prefix \"\" {\n   policy = \"write\"\n}\n        \nagent_prefix \"\" {\n   policy = \"read\"\n}\n"
          },
          "private": "bnVsbA=="
        }
      ]
    },
    {
      "mode": "managed",
      "type": "consul_acl_policy",
      "name": "node_policy",
      "provider": "provider[\"registry.terraform.io/hashicorp/consul\"]",
      "instances": [
        {
          "schema_version": 0,
          "attributes": {
            "datacenters": null,
            "description": "",
            "id": "53f39ebb-b944-36bf-d718-b2fff4f8c19e",
            "name": "node_policy",
            "namespace": null,
            "rules": "node_prefix \"\" {\n  policy = \"write\"\n}\n        \nkey_prefix \"\" {\n  policy = \"write\"\n  }\n        \noperator = \"write\"\n        \nservice_prefix \"\" {\n  policy = \"write\"\n  intentions = \"write\"\n}\n        \nsession_prefix \"\" {\n  policy = \"write\"\n}\n        \nnamespace_prefix \"\" {\n  acl = \"write\"\n  service_prefix \"\" {\n    policy = \"read\"\n  }\n}\n        \nagent_prefix \"\" {\n   policy = \"read\"\n}\n"
          },
          "private": "bnVsbA=="
        }
      ]
    },
    {
      "mode": "managed",
      "type": "consul_acl_policy",
      "name": "replication-policy",
      "provider": "provider[\"registry.terraform.io/hashicorp/consul\"]",
      "instances": [
        {
          "schema_version": 0,
          "attributes": {
            "datacenters": null,
            "description": "",
            "id": "47c171c6-8db8-1128-aa98-7478f9bde0f4",
            "name": "replication-policy",
            "namespace": null,
            "rules": "        \n        \noperator = \"write\"\n        \nservice_prefix \"\" {\n  policy = \"read\"\n  intentions = \"read\"\n}\n        \nnode_prefix \"\" {\n   policy = \"write\"\n}\n        \nnamespace_prefix \"\" {\n  acl = \"write\"\n  service_prefix \"\" {\n    policy = \"read\"\n  }\n}\n"
          },
          "private": "bnVsbA=="
        }
      ]
    },
    {
      "mode": "managed",
      "type": "consul_acl_policy",
      "name": "snapshot_agent",
      "provider": "provider[\"registry.terraform.io/hashicorp/consul\"]",
      "instances": [
        {
          "schema_version": 0,
          "attributes": {
            "datacenters": null,
            "description": "",
            "id": "2c00d11f-9351-ba4d-f268-4ddeb3ebaab6",
            "name": "snapshot_agent",
            "namespace": null,
            "rules": "        \nkey_prefix \"\" {\n   policy = \"write\"\n  }\nsession_prefix \"\" {\n   policy = \"write\"\n  }\nservice_prefix \"\" {\n   policy = \"write\"\n  }\n        \nnode_prefix \"\" {\n  policy = \"write\"\n}\n        \nacl = \"write\"\n        \noperator = \"write\"\n        \n        \n"
          },
          "private": "bnVsbA=="
        }
      ]
    }
  ]
}
